
Microsoft Visual Studio Solution File, Format Version 12.00
# Visual Studio Version 17
VisualStudioVersion = 17.0.31903.59
MinimumVisualStudioVersion = 10.0.40219.1
Project("{2150E333-8FDC-42A3-9474-1A3956D46DE8}") = "src", "src", "{46557505-3E45-4D86-A051-63A966DCAA03}"
EndProject
Project("{FAE04EC0-301F-11D3-BF4B-00C04F79EFBC}") = "AuctionService", "src\AuctionService\AuctionService.csproj", "{E1F29BB7-9501-4D4A-9023-0F27F52079A7}"
EndProject
Project("{FAE04EC0-301F-11D3-BF4B-00C04F79EFBC}") = "SearchService", "src\SearchService\SearchService.csproj", "{13671475-F4D6-45BF-9A18-BB5413AC7855}"
EndProject
Project("{FAE04EC0-301F-11D3-BF4B-00C04F79EFBC}") = "Contracts", "src\Contracts\Contracts.csproj", "{8524E5A9-7038-47F3-ACCF-6456F87F9536}"
EndProject
Project("{FAE04EC0-301F-11D3-BF4B-00C04F79EFBC}") = "IdentityService", "src\IdentityService\IdentityService.csproj", "{92F308BE-D1B1-4F32-8C04-B4C9526280BD}"
EndProject
Project("{FAE04EC0-301F-11D3-BF4B-00C04F79EFBC}") = "GatewayService", "src\GatewayService\GatewayService.csproj", "{597B5885-F3B9-4284-B57F-9B2CF4270D67}"
EndProject
Global
	GlobalSection(SolutionConfigurationPlatforms) = preSolution
		Debug|Any CPU = Debug|Any CPU
		Release|Any CPU = Release|Any CPU
	EndGlobalSection
	GlobalSection(SolutionProperties) = preSolution
		HideSolutionNode = FALSE
	EndGlobalSection
	GlobalSection(ProjectConfigurationPlatforms) = postSolution
		{E1F29BB7-9501-4D4A-9023-0F27F52079A7}.Debug|Any CPU.ActiveCfg = Debug|Any CPU
		{E1F29BB7-9501-4D4A-9023-0F27F52079A7}.Debug|Any CPU.Build.0 = Debug|Any CPU
		{E1F29BB7-9501-4D4A-9023-0F27F52079A7}.Release|Any CPU.ActiveCfg = Release|Any CPU
		{E1F29BB7-9501-4D4A-9023-0F27F52079A7}.Release|Any CPU.Build.0 = Release|Any CPU
		{13671475-F4D6-45BF-9A18-BB5413AC7855}.Debug|Any CPU.ActiveCfg = Debug|Any CPU
		{13671475-F4D6-45BF-9A18-BB5413AC7855}.Debug|Any CPU.Build.0 = Debug|Any CPU
		{13671475-F4D6-45BF-9A18-BB5413AC7855}.Release|Any CPU.ActiveCfg = Release|Any CPU
		{13671475-F4D6-45BF-9A18-BB5413AC7855}.Release|Any CPU.Build.0 = Release|Any CPU
		{8524E5A9-7038-47F3-ACCF-6456F87F9536}.Debug|Any CPU.ActiveCfg = Debug|Any CPU
		{8524E5A9-7038-47F3-ACCF-6456F87F9536}.Debug|Any CPU.Build.0 = Debug|Any CPU
		{8524E5A9-7038-47F3-ACCF-6456F87F9536}.Release|Any CPU.ActiveCfg = Release|Any CPU
		{8524E5A9-7038-47F3-ACCF-6456F87F9536}.Release|Any CPU.Build.0 = Release|Any CPU
		{92F308BE-D1B1-4F32-8C04-B4C9526280BD}.Debug|Any CPU.ActiveCfg = Debug|Any CPU
		{92F308BE-D1B1-4F32-8C04-B4C9526280BD}.Debug|Any CPU.Build.0 = Debug|Any CPU
		{92F308BE-D1B1-4F32-8C04-B4C9526280BD}.Release|Any CPU.ActiveCfg = Release|Any CPU
		{92F308BE-D1B1-4F32-8C04-B4C9526280BD}.Release|Any CPU.Build.0 = Release|Any CPU
		{597B5885-F3B9-4284-B57F-9B2CF4270D67}.Debug|Any CPU.ActiveCfg = Debug|Any CPU
		{597B5885-F3B9-4284-B57F-9B2CF4270D67}.Debug|Any CPU.Build.0 = Debug|Any CPU
		{597B5885-F3B9-4284-B57F-9B2CF4270D67}.Release|Any CPU.ActiveCfg = Release|Any CPU
		{597B5885-F3B9-4284-B57F-9B2CF4270D67}.Release|Any CPU.Build.0 = Release|Any CPU
	EndGlobalSection
	GlobalSection(NestedProjects) = preSolution
		{E1F29BB7-9501-4D4A-9023-0F27F52079A7} = {46557505-3E45-4D86-A051-63A966DCAA03}
		{13671475-F4D6-45BF-9A18-BB5413AC7855} = {46557505-3E45-4D86-A051-63A966DCAA03}
		{8524E5A9-7038-47F3-ACCF-6456F87F9536} = {46557505-3E45-4D86-A051-63A966DCAA03}
		{92F308BE-D1B1-4F32-8C04-B4C9526280BD} = {46557505-3E45-4D86-A051-63A966DCAA03}
		{597B5885-F3B9-4284-B57F-9B2CF4270D67} = {46557505-3E45-4D86-A051-63A966DCAA03}
	EndGlobalSection
EndGlobal
